
Microsoft Visual Studio Solution File, Format Version 12.00
# Visual Studio Version 17
VisualStudioVersion = 17.11.35327.3
MinimumVisualStudioVersion = 10.0.40219.1
Project("{9A19103F-16F7-4668-BE54-9A1E7A4F7556}") = "OrderManagement.API", "OrderManagement.API\OrderManagement.API.csproj", "{74758748-846F-40C6-AE57-840C515F7E2F}"
EndProject
Project("{9A19103F-16F7-4668-BE54-9A1E7A4F7556}") = "OrderManagement.Application", "OrderManagement.Application\OrderManagement.Application.csproj", "{F2904AA0-C9A2-46A4-AFD9-7861BCFFE129}"
EndProject
Project("{9A19103F-16F7-4668-BE54-9A1E7A4F7556}") = "OrderManagement.Domain", "OrderManagement.Domain\OrderManagement.Domain.csproj", "{3D1279AC-E790-4BA1-8EDA-3769EC573FEC}"
EndProject
Project("{9A19103F-16F7-4668-BE54-9A1E7A4F7556}") = "OrderManagement.Infrastructure", "OrderManagement.Infrastructure\OrderManagement.Infrastructure.csproj", "{548507A0-42FE-4422-AB75-9CD9EE89772D}"
EndProject
Project("{9A19103F-16F7-4668-BE54-9A1E7A4F7556}") = "OrderManagement.Tests", "OrderManagement.Tests\OrderManagement.Tests.csproj", "{4FDAA7CA-491B-4B5E-8B4A-930D96E31CB0}"
EndProject
Project("{2150E333-8FDC-42A3-9474-1A3956D46DE8}") = "ReadMeFiles", "ReadMeFiles", "{4D20A20B-AB1F-4547-911F-CF9C7ED61C78}"
	ProjectSection(SolutionItems) = preProject
		OrderDbInit.sql = OrderDbInit.sql
		README.md = README.md
	EndProjectSection
EndProject
Global
	GlobalSection(SolutionConfigurationPlatforms) = preSolution
		Debug|Any CPU = Debug|Any CPU
		Release|Any CPU = Release|Any CPU
	EndGlobalSection
	GlobalSection(ProjectConfigurationPlatforms) = postSolution
		{74758748-846F-40C6-AE57-840C515F7E2F}.Debug|Any CPU.ActiveCfg = Debug|Any CPU
		{74758748-846F-40C6-AE57-840C515F7E2F}.Debug|Any CPU.Build.0 = Debug|Any CPU
		{74758748-846F-40C6-AE57-840C515F7E2F}.Release|Any CPU.ActiveCfg = Release|Any CPU
		{74758748-846F-40C6-AE57-840C515F7E2F}.Release|Any CPU.Build.0 = Release|Any CPU
		{F2904AA0-C9A2-46A4-AFD9-7861BCFFE129}.Debug|Any CPU.ActiveCfg = Debug|Any CPU
		{F2904AA0-C9A2-46A4-AFD9-7861BCFFE129}.Debug|Any CPU.Build.0 = Debug|Any CPU
		{F2904AA0-C9A2-46A4-AFD9-7861BCFFE129}.Release|Any CPU.ActiveCfg = Release|Any CPU
		{F2904AA0-C9A2-46A4-AFD9-7861BCFFE129}.Release|Any CPU.Build.0 = Release|Any CPU
		{3D1279AC-E790-4BA1-8EDA-3769EC573FEC}.Debug|Any CPU.ActiveCfg = Debug|Any CPU
		{3D1279AC-E790-4BA1-8EDA-3769EC573FEC}.Debug|Any CPU.Build.0 = Debug|Any CPU
		{3D1279AC-E790-4BA1-8EDA-3769EC573FEC}.Release|Any CPU.ActiveCfg = Release|Any CPU
		{3D1279AC-E790-4BA1-8EDA-3769EC573FEC}.Release|Any CPU.Build.0 = Release|Any CPU
		{548507A0-42FE-4422-AB75-9CD9EE89772D}.Debug|Any CPU.ActiveCfg = Debug|Any CPU
		{548507A0-42FE-4422-AB75-9CD9EE89772D}.Debug|Any CPU.Build.0 = Debug|Any CPU
		{548507A0-42FE-4422-AB75-9CD9EE89772D}.Release|Any CPU.ActiveCfg = Release|Any CPU
		{548507A0-42FE-4422-AB75-9CD9EE89772D}.Release|Any CPU.Build.0 = Release|Any CPU
		{4FDAA7CA-491B-4B5E-8B4A-930D96E31CB0}.Debug|Any CPU.ActiveCfg = Debug|Any CPU
		{4FDAA7CA-491B-4B5E-8B4A-930D96E31CB0}.Debug|Any CPU.Build.0 = Debug|Any CPU
		{4FDAA7CA-491B-4B5E-8B4A-930D96E31CB0}.Release|Any CPU.ActiveCfg = Release|Any CPU
		{4FDAA7CA-491B-4B5E-8B4A-930D96E31CB0}.Release|Any CPU.Build.0 = Release|Any CPU
	EndGlobalSection
	GlobalSection(SolutionProperties) = preSolution
		HideSolutionNode = FALSE
	EndGlobalSection
	GlobalSection(ExtensibilityGlobals) = postSolution
		SolutionGuid = {47F01423-DE2D-45E0-B010-D70DB8B88004}
	EndGlobalSection
EndGlobal
